
Microsoft Visual Studio Solution File, Format Version 9.00
# Visual Studio 2005
Project("{FAE04EC0-301F-11D3-BF4B-00C04F79EFBC}") = "Mono.MicroThreads", "..\Mono.MicroThreads\Mono.MicroThreads.csproj", "{16A176E4-8B7F-481A-83A8-21293E0B53F5}"
EndProject
Project("{FAE04EC0-301F-11D3-BF4B-00C04F79EFBC}") = "SocketTest", "SocketTest\SocketTest.csproj", "{660DF078-C38D-4484-9B98-0CD8AAFEC22E}"
EndProject
Global
	GlobalSection(SolutionConfigurationPlatforms) = preSolution
		Debug|Any CPU = Debug|Any CPU
		Release|Any CPU = Release|Any CPU
	EndGlobalSection
	GlobalSection(ProjectConfigurationPlatforms) = postSolution
		{16A176E4-8B7F-481A-83A8-21293E0B53F5}.Debug|Any CPU.ActiveCfg = Debug|Any CPU
		{16A176E4-8B7F-481A-83A8-21293E0B53F5}.Debug|Any CPU.Build.0 = Debug|Any CPU
		{16A176E4-8B7F-481A-83A8-21293E0B53F5}.Release|Any CPU.ActiveCfg = Release|Any CPU
		{16A176E4-8B7F-481A-83A8-21293E0B53F5}.Release|Any CPU.Build.0 = Release|Any CPU
		{660DF078-C38D-4484-9B98-0CD8AAFEC22E}.Debug|Any CPU.ActiveCfg = Debug|Any CPU
		{660DF078-C38D-4484-9B98-0CD8AAFEC22E}.Debug|Any CPU.Build.0 = Debug|Any CPU
		{660DF078-C38D-4484-9B98-0CD8AAFEC22E}.Release|Any CPU.ActiveCfg = Release|Any CPU
		{660DF078-C38D-4484-9B98-0CD8AAFEC22E}.Release|Any CPU.Build.0 = Release|Any CPU
	EndGlobalSection
	GlobalSection(SolutionProperties) = preSolution
		HideSolutionNode = FALSE
	EndGlobalSection
EndGlobal
